
Microsoft Visual Studio Solution File, Format Version 12.00
# Visual Studio Version 16
VisualStudioVersion = 16.0.28803.202
MinimumVisualStudioVersion = 10.0.40219.1
Project("{FAE04EC0-301F-11D3-BF4B-00C04F79EFBC}") = "AzureFunctionDIExample", "AzureFunctionDIExample\AzureFunctionDIExample.csproj", "{1505D0E9-DCA7-4350-A466-F83D993932FD}"
EndProject
Global
	GlobalSection(SolutionConfigurationPlatforms) = preSolution
		Debug|Any CPU = Debug|Any CPU
		Release|Any CPU = Release|Any CPU
	EndGlobalSection
	GlobalSection(ProjectConfigurationPlatforms) = postSolution
		{1505D0E9-DCA7-4350-A466-F83D993932FD}.Debug|Any CPU.ActiveCfg = Debug|Any CPU
		{1505D0E9-DCA7-4350-A466-F83D993932FD}.Debug|Any CPU.Build.0 = Debug|Any CPU
		{1505D0E9-DCA7-4350-A466-F83D993932FD}.Release|Any CPU.ActiveCfg = Release|Any CPU
		{1505D0E9-DCA7-4350-A466-F83D993932FD}.Release|Any CPU.Build.0 = Release|Any CPU
	EndGlobalSection
	GlobalSection(SolutionProperties) = preSolution
		HideSolutionNode = FALSE
	EndGlobalSection
	GlobalSection(ExtensibilityGlobals) = postSolution
		SolutionGuid = {7A2D5020-AC55-4BEF-B265-606E0D0FAC7E}
	EndGlobalSection
EndGlobal
